
Microsoft Visual Studio Solution File, Format Version 12.00
Project("{FAE04EC0-301F-11D3-BF4B-00C04F79EFBC}") = "EProject_Sem_3", "EProject_Sem_3\EProject_Sem_3.csproj", "{52EF2DB2-E655-41AD-952F-0E8CCBFF1478}"
EndProject
Global
	GlobalSection(SolutionConfigurationPlatforms) = preSolution
		Debug|Any CPU = Debug|Any CPU
		Release|Any CPU = Release|Any CPU
	EndGlobalSection
	GlobalSection(ProjectConfigurationPlatforms) = postSolution
		{52EF2DB2-E655-41AD-952F-0E8CCBFF1478}.Debug|Any CPU.ActiveCfg = Debug|Any CPU
		{52EF2DB2-E655-41AD-952F-0E8CCBFF1478}.Debug|Any CPU.Build.0 = Debug|Any CPU
		{52EF2DB2-E655-41AD-952F-0E8CCBFF1478}.Release|Any CPU.ActiveCfg = Release|Any CPU
		{52EF2DB2-E655-41AD-952F-0E8CCBFF1478}.Release|Any CPU.Build.0 = Release|Any CPU
	EndGlobalSection
EndGlobal
